// !$*UTF8*$!
{
	archiveVersion = 1;
	classes = {
	};
	objectVersion = 50;
	objects = {

/* Begin PBXBuildFile section */
		0AF1E7D6308D411D6838B614 /* libPods-MusicDemo.a in Frameworks */ = {isa = PBXBuildFile; fileRef = D8DF4AF8AFA3AD8E4D640660 /* libPods-MusicDemo.a */; };
		3201BFE920DCEE7800F6344B /* AppDelegate.m in Sources */ = {isa = PBXBuildFile; fileRef = 3201BFE820DCEE7800F6344B /* AppDelegate.m */; };
		3201BFEC20DCEE7800F6344B /* ViewController.m in Sources */ = {isa = PBXBuildFile; fileRef = 3201BFEB20DCEE7800F6344B /* ViewController.m */; };
		3201BFEF20DCEE7800F6344B /* Main.storyboard in Resources */ = {isa = PBXBuildFile; fileRef = 3201BFED20DCEE7800F6344B /* Main.storyboard */; };
		3201BFF120DCEE7A00F6344B /* Assets.xcassets in Resources */ = {isa = PBXBuildFile; fileRef = 3201BFF020DCEE7A00F6344B /* Assets.xcassets */; };
		3201BFF420DCEE7A00F6344B /* LaunchScreen.storyboard in Resources */ = {isa = PBXBuildFile; fileRef = 3201BFF220DCEE7A00F6344B /* LaunchScreen.storyboard */; };
		3201BFF720DCEE7A00F6344B /* main.m in Sources */ = {isa = PBXBuildFile; fileRef = 3201BFF620DCEE7A00F6344B /* main.m */; };
		3201C00020DCF1F600F6344B /* MusicViewController.m in Sources */ = {isa = PBXBuildFile; fileRef = 3201BFFF20DCF1F600F6344B /* MusicViewController.m */; };
		3201C00320E0840C00F6344B /* MusicData.m in Sources */ = {isa = PBXBuildFile; fileRef = 3201C00220E0840C00F6344B /* MusicData.m */; };
		3201C00620E0850600F6344B /* MusicViewModel.m in Sources */ = {isa = PBXBuildFile; fileRef = 3201C00520E0850600F6344B /* MusicViewModel.m */; };
		3201C00920E0870C00F6344B /* MusicViewLocalModel.m in Sources */ = {isa = PBXBuildFile; fileRef = 3201C00820E0870C00F6344B /* MusicViewLocalModel.m */; };
		3201C00B20E096E300F6344B /* by.mp3 in Resources */ = {isa = PBXBuildFile; fileRef = 3201C00A20E096E300F6344B /* by.mp3 */; };
		32DF178C20E0C76C00C001E5 /* MP3Sample.mp3 in Resources */ = {isa = PBXBuildFile; fileRef = 32DF178B20E0C76C00C001E5 /* MP3Sample.mp3 */; };
		32DF178E20E0C9A700C001E5 /* zj.mp3 in Resources */ = {isa = PBXBuildFile; fileRef = 32DF178D20E0C9A700C001E5 /* zj.mp3 */; };
		32E3B8E320E21E1E0004E64E /* MusicNetPlayerController.m in Sources */ = {isa = PBXBuildFile; fileRef = 32E3B8E220E21E1E0004E64E /* MusicNetPlayerController.m */; };
		32E3B8E520E48D8A0004E64E /* mo1.jpg in Resources */ = {isa = PBXBuildFile; fileRef = 32E3B8E420E48D890004E64E /* mo1.jpg */; };
		32E3B8E720E48D8F0004E64E /* mo2.jpg in Resources */ = {isa = PBXBuildFile; fileRef = 32E3B8E620E48D8E0004E64E /* mo2.jpg */; };
		32E3B8E920E4ABC00004E64E /* mo3.jpg in Resources */ = {isa = PBXBuildFile; fileRef = 32E3B8E820E4ABC00004E64E /* mo3.jpg */; };
/* End PBXBuildFile section */

/* Begin PBXFileReference section */
		3201BFE420DCEE7700F6344B /* MusicDemo.app */ = {isa = PBXFileReference; explicitFileType = wrapper.application; includeInIndex = 0; path = MusicDemo.app; sourceTree = BUILT_PRODUCTS_DIR; };
		3201BFE720DCEE7800F6344B /* AppDelegate.h */ = {isa = PBXFileReference; lastKnownFileType = sourcecode.c.h; path = AppDelegate.h; sourceTree = "<group>"; };
		3201BFE820DCEE7800F6344B /* AppDelegate.m */ = {isa = PBXFileReference; lastKnownFileType = sourcecode.c.objc; path = AppDelegate.m; sourceTree = "<group>"; };
		3201BFEA20DCEE7800F6344B /* ViewController.h */ = {isa = PBXFileReference; lastKnownFileType = sourcecode.c.h; path = ViewController.h; sourceTree = "<group>"; };
		3201BFEB20DCEE7800F6344B /* ViewController.m */ = {isa = PBXFileReference; lastKnownFileType = sourcecode.c.objc; path = ViewController.m; sourceTree = "<group>"; };
		3201BFEE20DCEE7800F6344B /* Base */ = {isa = PBXFileReference; lastKnownFileType = file.storyboard; name = Base; path = Base.lproj/Main.storyboard; sourceTree = "<group>"; };
		3201BFF020DCEE7A00F6344B /* Assets.xcassets */ = {isa = PBXFileReference; lastKnownFileType = folder.assetcatalog; path = Assets.xcassets; sourceTree = "<group>"; };
		3201BFF320DCEE7A00F6344B /* Base */ = {isa = PBXFileReference; lastKnownFileType = file.storyboard; name = Base; path = Base.lproj/LaunchScreen.storyboard; sourceTree = "<group>"; };
		3201BFF520DCEE7A00F6344B /* Info.plist */ = {isa = PBXFileReference; lastKnownFileType = text.plist.xml; path = Info.plist; sourceTree = "<group>"; };
		3201BFF620DCEE7A00F6344B /* main.m */ = {isa = PBXFileReference; lastKnownFileType = sourcecode.c.objc; path = main.m; sourceTree = "<group>"; };
		3201BFFD20DCEFE000F6344B /* MusicDemo_PrefixHeader.pch */ = {isa = PBXFileReference; lastKnownFileType = sourcecode.c.h; path = MusicDemo_PrefixHeader.pch; sourceTree = "<group>"; };
		3201BFFE20DCF1F600F6344B /* MusicViewController.h */ = {isa = PBXFileReference; lastKnownFileType = sourcecode.c.h; path = MusicViewController.h; sourceTree = "<group>"; };
		3201BFFF20DCF1F600F6344B /* MusicViewController.m */ = {isa = PBXFileReference; lastKnownFileType = sourcecode.c.objc; path = MusicViewController.m; sourceTree = "<group>"; };
		3201C00120E0840C00F6344B /* MusicData.h */ = {isa = PBXFileReference; lastKnownFileType = sourcecode.c.h; path = MusicData.h; sourceTree = "<group>"; };
		3201C00220E0840C00F6344B /* MusicData.m */ = {isa = PBXFileReference; lastKnownFileType = sourcecode.c.objc; path = MusicData.m; sourceTree = "<group>"; };
		3201C00420E0850600F6344B /* MusicViewModel.h */ = {isa = PBXFileReference; lastKnownFileType = sourcecode.c.h; path = MusicViewModel.h; sourceTree = "<group>"; };
		3201C00520E0850600F6344B /* MusicViewModel.m */ = {isa = PBXFileReference; lastKnownFileType = sourcecode.c.objc; path = MusicViewModel.m; sourceTree = "<group>"; };
		3201C00720E0870C00F6344B /* MusicViewLocalModel.h */ = {isa = PBXFileReference; lastKnownFileType = sourcecode.c.h; path = MusicViewLocalModel.h; sourceTree = "<group>"; };
		3201C00820E0870C00F6344B /* MusicViewLocalModel.m */ = {isa = PBXFileReference; lastKnownFileType = sourcecode.c.objc; path = MusicViewLocalModel.m; sourceTree = "<group>"; };
		3201C00A20E096E300F6344B /* by.mp3 */ = {isa = PBXFileReference; lastKnownFileType = audio.mp3; path = by.mp3; sourceTree = "<group>"; };
		32DF178B20E0C76C00C001E5 /* MP3Sample.mp3 */ = {isa = PBXFileReference; lastKnownFileType = audio.mp3; path = MP3Sample.mp3; sourceTree = "<group>"; };
		32DF178D20E0C9A700C001E5 /* zj.mp3 */ = {isa = PBXFileReference; lastKnownFileType = audio.mp3; path = zj.mp3; sourceTree = "<group>"; };
		32E3B8E120E21E1E0004E64E /* MusicNetPlayerController.h */ = {isa = PBXFileReference; lastKnownFileType = sourcecode.c.h; path = MusicNetPlayerController.h; sourceTree = "<group>"; };
		32E3B8E220E21E1E0004E64E /* MusicNetPlayerController.m */ = {isa = PBXFileReference; lastKnownFileType = sourcecode.c.objc; path = MusicNetPlayerController.m; sourceTree = "<group>"; };
		32E3B8E420E48D890004E64E /* mo1.jpg */ = {isa = PBXFileReference; lastKnownFileType = image.jpeg; path = mo1.jpg; sourceTree = "<group>"; };
		32E3B8E620E48D8E0004E64E /* mo2.jpg */ = {isa = PBXFileReference; lastKnownFileType = image.jpeg; path = mo2.jpg; sourceTree = "<group>"; };
		32E3B8E820E4ABC00004E64E /* mo3.jpg */ = {isa = PBXFileReference; lastKnownFileType = image.jpeg; path = mo3.jpg; sourceTree = "<group>"; };
		37CD3EEA729F910B06CC6CCA /* Pods-MusicDemo.release.xcconfig */ = {isa = PBXFileReference; includeInIndex = 1; lastKnownFileType = text.xcconfig; name = "Pods-MusicDemo.release.xcconfig"; path = "Pods/Target Support Files/Pods-MusicDemo/Pods-MusicDemo.release.xcconfig"; sourceTree = "<group>"; };
		BB04C98A93D13AF1D587B2E8 /* Pods-MusicDemo.debug.xcconfig */ = {isa = PBXFileReference; includeInIndex = 1; lastKnownFileType = text.xcconfig; name = "Pods-MusicDemo.debug.xcconfig"; path = "Pods/Target Support Files/Pods-MusicDemo/Pods-MusicDemo.debug.xcconfig"; sourceTree = "<group>"; };
		D8DF4AF8AFA3AD8E4D640660 /* libPods-MusicDemo.a */ = {isa = PBXFileReference; explicitFileType = archive.ar; includeInIndex = 0; path = "libPods-MusicDemo.a"; sourceTree = BUILT_PRODUCTS_DIR; };
/* End PBXFileReference section */

/* Begin PBXFrameworksBuildPhase section */
		3201BFE120DCEE7700F6344B /* Frameworks */ = {
			isa = PBXFrameworksBuildPhase;
			buildActionMask = 2147483647;
			files = (
				0AF1E7D6308D411D6838B614 /* libPods-MusicDemo.a in Frameworks */,
			);
			runOnlyForDeploymentPostprocessing = 0;
		};
/* End PBXFrameworksBuildPhase section */

/* Begin PBXGroup section */
		0A9575F7B0B0196F8A1CC69D /* Frameworks */ = {
			isa = PBXGroup;
			children = (
				D8DF4AF8AFA3AD8E4D640660 /* libPods-MusicDemo.a */,
			);
			name = Frameworks;
			sourceTree = "<group>";
		};
		3201BFDB20DCEE7700F6344B = {
			isa = PBXGroup;
			children = (
				32E3B8E820E4ABC00004E64E /* mo3.jpg */,
				32E3B8E620E48D8E0004E64E /* mo2.jpg */,
				32E3B8E420E48D890004E64E /* mo1.jpg */,
				32DF178D20E0C9A700C001E5 /* zj.mp3 */,
				32DF178B20E0C76C00C001E5 /* MP3Sample.mp3 */,
				3201C00A20E096E300F6344B /* by.mp3 */,
				3201BFE620DCEE7700F6344B /* MusicDemo */,
				3201BFE520DCEE7700F6344B /* Products */,
				E91920AB2012582B9FF05938 /* Pods */,
				0A9575F7B0B0196F8A1CC69D /* Frameworks */,
			);
			sourceTree = "<group>";
		};
		3201BFE520DCEE7700F6344B /* Products */ = {
			isa = PBXGroup;
			children = (
				3201BFE420DCEE7700F6344B /* MusicDemo.app */,
			);
			name = Products;
			sourceTree = "<group>";
		};
		3201BFE620DCEE7700F6344B /* MusicDemo */ = {
			isa = PBXGroup;
			children = (
				3201BFE720DCEE7800F6344B /* AppDelegate.h */,
				3201BFE820DCEE7800F6344B /* AppDelegate.m */,
				3201BFEA20DCEE7800F6344B /* ViewController.h */,
				3201BFEB20DCEE7800F6344B /* ViewController.m */,
				3201BFED20DCEE7800F6344B /* Main.storyboard */,
				3201BFF020DCEE7A00F6344B /* Assets.xcassets */,
				3201BFF220DCEE7A00F6344B /* LaunchScreen.storyboard */,
				3201BFF520DCEE7A00F6344B /* Info.plist */,
				3201BFF620DCEE7A00F6344B /* main.m */,
				3201BFFD20DCEFE000F6344B /* MusicDemo_PrefixHeader.pch */,
				3201BFFE20DCF1F600F6344B /* MusicViewController.h */,
				3201BFFF20DCF1F600F6344B /* MusicViewController.m */,
				3201C00120E0840C00F6344B /* MusicData.h */,
				3201C00220E0840C00F6344B /* MusicData.m */,
				3201C00420E0850600F6344B /* MusicViewModel.h */,
				3201C00520E0850600F6344B /* MusicViewModel.m */,
				3201C00720E0870C00F6344B /* MusicViewLocalModel.h */,
				3201C00820E0870C00F6344B /* MusicViewLocalModel.m */,
				32E3B8E120E21E1E0004E64E /* MusicNetPlayerController.h */,
				32E3B8E220E21E1E0004E64E /* MusicNetPlayerController.m */,
			);
			path = MusicDemo;
			sourceTree = "<group>";
		};
		E91920AB2012582B9FF05938 /* Pods */ = {
			isa = PBXGroup;
			children = (
				BB04C98A93D13AF1D587B2E8 /* Pods-MusicDemo.debug.xcconfig */,
				37CD3EEA729F910B06CC6CCA /* Pods-MusicDemo.release.xcconfig */,
			);
			name = Pods;
			sourceTree = "<group>";
		};
/* End PBXGroup section */

/* Begin PBXNativeTarget section */
		3201BFE320DCEE7700F6344B /* MusicDemo */ = {
			isa = PBXNativeTarget;
			buildConfigurationList = 3201BFFA20DCEE7A00F6344B /* Build configuration list for PBXNativeTarget "MusicDemo" */;
			buildPhases = (
				EE490E7F603D79529A7AF529 /* [CP] Check Pods Manifest.lock */,
				3201BFE020DCEE7700F6344B /* Sources */,
				3201BFE120DCEE7700F6344B /* Frameworks */,
				3201BFE220DCEE7700F6344B /* Resources */,
			);
			buildRules = (
			);
			dependencies = (
			);
			name = MusicDemo;
			productName = MusicDemo;
			productReference = 3201BFE420DCEE7700F6344B /* MusicDemo.app */;
			productType = "com.apple.product-type.application";
		};
/* End PBXNativeTarget section */

/* Begin PBXProject section */
		3201BFDC20DCEE7700F6344B /* Project object */ = {
			isa = PBXProject;
			attributes = {
				LastUpgradeCheck = 0930;
				ORGANIZATIONNAME = "VIA Technologies, Inc. & OLAMI Team";
				TargetAttributes = {
					3201BFE320DCEE7700F6344B = {
						CreatedOnToolsVersion = 9.3;
					};
				};
			};
			buildConfigurationList = 3201BFDF20DCEE7700F6344B /* Build configuration list for PBXProject "MusicDemo" */;
			compatibilityVersion = "Xcode 9.3";
			developmentRegion = en;
			hasScannedForEncodings = 0;
			knownRegions = (
				en,
				Base,
			);
			mainGroup = 3201BFDB20DCEE7700F6344B;
			productRefGroup = 3201BFE520DCEE7700F6344B /* Products */;
			projectDirPath = "";
			projectRoot = "";
			targets = (
				3201BFE320DCEE7700F6344B /* MusicDemo */,
			);
		};
/* End PBXProject section */

/* Begin PBXResourcesBuildPhase section */
		3201BFE220DCEE7700F6344B /* Resources */ = {
			isa = PBXResourcesBuildPhase;
			buildActionMask = 2147483647;
			files = (
				3201BFF420DCEE7A00F6344B /* LaunchScreen.storyboard in Resources */,
				32DF178C20E0C76C00C001E5 /* MP3Sample.mp3 in Resources */,
				32DF178E20E0C9A700C001E5 /* zj.mp3 in Resources */,
				32E3B8E920E4ABC00004E64E /* mo3.jpg in Resources */,
				3201BFF120DCEE7A00F6344B /* Assets.xcassets in Resources */,
				32E3B8E720E48D8F0004E64E /* mo2.jpg in Resources */,
				32E3B8E520E48D8A0004E64E /* mo1.jpg in Resources */,
				3201BFEF20DCEE7800F6344B /* Main.storyboard in Resources */,
				3201C00B20E096E300F6344B /* by.mp3 in Resources */,
			);
			runOnlyForDeploymentPostprocessing = 0;
		};
/* End PBXResourcesBuildPhase section */

/* Begin PBXShellScriptBuildPhase section */
		EE490E7F603D79529A7AF529 /* [CP] Check Pods Manifest.lock */ = {
			isa = PBXShellScriptBuildPhase;
			buildActionMask = 2147483647;
			files = (
			);
			inputPaths = (
				"${PODS_PODFILE_DIR_PATH}/Podfile.lock",
				"${PODS_ROOT}/Manifest.lock",
			);
			name = "[CP] Check Pods Manifest.lock";
			outputPaths = (
				"$(DERIVED_FILE_DIR)/Pods-MusicDemo-checkManifestLockResult.txt",
			);
			runOnlyForDeploymentPostprocessing = 0;
			shellPath = /bin/sh;
			shellScript = "diff \"${PODS_PODFILE_DIR_PATH}/Podfile.lock\" \"${PODS_ROOT}/Manifest.lock\" > /dev/null\nif [ $? != 0 ] ; then\n    # print error to STDERR\n    echo \"error: The sandbox is not in sync with the Podfile.lock. Run 'pod install' or update your CocoaPods installation.\" >&2\n    exit 1\nfi\n# This output is used by Xcode 'outputs' to avoid re-running this script phase.\necho \"SUCCESS\" > \"${SCRIPT_OUTPUT_FILE_0}\"\n";
			showEnvVarsInLog = 0;
		};
/* End PBXShellScriptBuildPhase section */

/* Begin PBXSourcesBuildPhase section */
		3201BFE020DCEE7700F6344B /* Sources */ = {
			isa = PBXSourcesBuildPhase;
			buildActionMask = 2147483647;
			files = (
				3201C00620E0850600F6344B /* MusicViewModel.m in Sources */,
				3201C00020DCF1F600F6344B /* MusicViewController.m in Sources */,
				3201C00920E0870C00F6344B /* MusicViewLocalModel.m in Sources */,
				3201C00320E0840C00F6344B /* MusicData.m in Sources */,
				3201BFEC20DCEE7800F6344B /* ViewController.m in Sources */,
				3201BFF720DCEE7A00F6344B /* main.m in Sources */,
				32E3B8E320E21E1E0004E64E /* MusicNetPlayerController.m in Sources */,
				3201BFE920DCEE7800F6344B /* AppDelegate.m in Sources */,
			);
			runOnlyForDeploymentPostprocessing = 0;
		};
/* End PBXSourcesBuildPhase section */

/* Begin PBXVariantGroup section */
		3201BFED20DCEE7800F6344B /* Main.storyboard */ = {
			isa = PBXVariantGroup;
			children = (
				3201BFEE20DCEE7800F6344B /* Base */,
			);
			name = Main.storyboard;
			sourceTree = "<group>";
		};
		3201BFF220DCEE7A00F6344B /* LaunchScreen.storyboard */ = {
			isa = PBXVariantGroup;
			children = (
				3201BFF320DCEE7A00F6344B /* Base */,
			);
			name = LaunchScreen.storyboard;
			sourceTree = "<group>";
		};
/* End PBXVariantGroup section */

/* Begin XCBuildConfiguration section */
		3201BFF820DCEE7A00F6344B /* Debug */ = {
			isa = XCBuildConfiguration;
			buildSettings = {
				ALWAYS_SEARCH_USER_PATHS = NO;
				CLANG_ANALYZER_NONNULL = YES;
				CLANG_ANALYZER_NUMBER_OBJECT_CONVERSION = YES_AGGRESSIVE;
				CLANG_CXX_LANGUAGE_STANDARD = "gnu++14";
				CLANG_CXX_LIBRARY = "libc++";
				CLANG_ENABLE_MODULES = YES;
				CLANG_ENABLE_OBJC_ARC = YES;
				CLANG_ENABLE_OBJC_WEAK = YES;
				CLANG_WARN_BLOCK_CAPTURE_AUTORELEASING = YES;
				CLANG_WARN_BOOL_CONVERSION = YES;
				CLANG_WARN_COMMA = YES;
				CLANG_WARN_CONSTANT_CONVERSION = YES;
				CLANG_WARN_DEPRECATED_OBJC_IMPLEMENTATIONS = YES;
				CLANG_WARN_DIRECT_OBJC_ISA_USAGE = YES_ERROR;
				CLANG_WARN_DOCUMENTATION_COMMENTS = YES;
				CLANG_WARN_EMPTY_BODY = YES;
				CLANG_WARN_ENUM_CONVERSION = YES;
				CLANG_WARN_INFINITE_RECURSION = YES;
				CLANG_WARN_INT_CONVERSION = YES;
				CLANG_WARN_NON_LITERAL_NULL_CONVERSION = YES;
				CLANG_WARN_OBJC_IMPLICIT_RETAIN_SELF = YES;
				CLANG_WARN_OBJC_LITERAL_CONVERSION = YES;
				CLANG_WARN_OBJC_ROOT_CLASS = YES_ERROR;
				CLANG_WARN_RANGE_LOOP_ANALYSIS = YES;
				CLANG_WARN_STRICT_PROTOTYPES = YES;
				CLANG_WARN_SUSPICIOUS_MOVE = YES;
				CLANG_WARN_UNGUARDED_AVAILABILITY = YES_AGGRESSIVE;
				CLANG_WARN_UNREACHABLE_CODE = YES;
				CLANG_WARN__DUPLICATE_METHOD_MATCH = YES;
				CODE_SIGN_IDENTITY = "iPhone Developer";
				COPY_PHASE_STRIP = NO;
				DEBUG_INFORMATION_FORMAT = dwarf;
				ENABLE_STRICT_OBJC_MSGSEND = YES;
				ENABLE_TESTABILITY = YES;
				GCC_C_LANGUAGE_STANDARD = gnu11;
				GCC_DYNAMIC_NO_PIC = NO;
				GCC_INCREASE_PRECOMPILED_HEADER_SHARING = NO;
				GCC_NO_COMMON_BLOCKS = YES;
				GCC_OPTIMIZATION_LEVEL = 0;
				GCC_PRECOMPILE_PREFIX_HEADER = YES;
				GCC_PREFIX_HEADER = MusicDemo/MusicDemo_PrefixHeader.pch;
				GCC_PREPROCESSOR_DEFINITIONS = (
					"DEBUG=1",
					"$(inherited)",
				);
				GCC_WARN_64_TO_32_BIT_CONVERSION = YES;
				GCC_WARN_ABOUT_RETURN_TYPE = YES_ERROR;
				GCC_WARN_UNDECLARED_SELECTOR = YES;
				GCC_WARN_UNINITIALIZED_AUTOS = YES_AGGRESSIVE;
				GCC_WARN_UNUSED_FUNCTION = YES;
				GCC_WARN_UNUSED_VARIABLE = YES;
				IPHONEOS_DEPLOYMENT_TARGET = 11.3;
				MTL_ENABLE_DEBUG_INFO = YES;
				ONLY_ACTIVE_ARCH = YES;
				SDKROOT = iphoneos;
			};
			name = Debug;
		};
		3201BFF920DCEE7A00F6344B /* Release */ = {
			isa = XCBuildConfiguration;
			buildSettings = {
				ALWAYS_SEARCH_USER_PATHS = NO;
				CLANG_ANALYZER_NONNULL = YES;
				CLANG_ANALYZER_NUMBER_OBJECT_CONVERSION = YES_AGGRESSIVE;
				CLANG_CXX_LANGUAGE_STANDARD = "gnu++14";
				CLANG_CXX_LIBRARY = "libc++";
				CLANG_ENABLE_MODULES = YES;
				CLANG_ENABLE_OBJC_ARC = YES;
				CLANG_ENABLE_OBJC_WEAK = YES;
				CLANG_WARN_BLOCK_CAPTURE_AUTORELEASING = YES;
				CLANG_WARN_BOOL_CONVERSION = YES;
				CLANG_WARN_COMMA = YES;
				CLANG_WARN_CONSTANT_CONVERSION = YES;
				CLANG_WARN_DEPRECATED_OBJC_IMPLEMENTATIONS = YES;
				CLANG_WARN_DIRECT_OBJC_ISA_USAGE = YES_ERROR;
				CLANG_WARN_DOCUMENTATION_COMMENTS = YES;
				CLANG_WARN_EMPTY_BODY = YES;
				CLANG_WARN_ENUM_CONVERSION = YES;
				CLANG_WARN_INFINITE_RECURSION = YES;
				CLANG_WARN_INT_CONVERSION = YES;
				CLANG_WARN_NON_LITERAL_NULL_CONVERSION = YES;
				CLANG_WARN_OBJC_IMPLICIT_RETAIN_SELF = YES;
				CLANG_WARN_OBJC_LITERAL_CONVERSION = YES;
				CLANG_WARN_OBJC_ROOT_CLASS = YES_ERROR;
				CLANG_WARN_RANGE_LOOP_ANALYSIS = YES;
				CLANG_WARN_STRICT_PROTOTYPES = YES;
				CLANG_WARN_SUSPICIOUS_MOVE = YES;
				CLANG_WARN_UNGUARDED_AVAILABILITY = YES_AGGRESSIVE;
				CLANG_WARN_UNREACHABLE_CODE = YES;
				CLANG_WARN__DUPLICATE_METHOD_MATCH = YES;
				CODE_SIGN_IDENTITY = "iPhone Developer";
				COPY_PHASE_STRIP = NO;
				DEBUG_INFORMATION_FORMAT = "dwarf-with-dsym";
				ENABLE_NS_ASSERTIONS = NO;
				ENABLE_STRICT_OBJC_MSGSEND = YES;
				GCC_C_LANGUAGE_STANDARD = gnu11;
				GCC_INCREASE_PRECOMPILED_HEADER_SHARING = NO;
				GCC_NO_COMMON_BLOCKS = YES;
				GCC_PRECOMPILE_PREFIX_HEADER = YES;
				GCC_PREFIX_HEADER = MusicDemo/MusicDemo_PrefixHeader.pch;
				GCC_WARN_64_TO_32_BIT_CONVERSION = YES;
				GCC_WARN_ABOUT_RETURN_TYPE = YES_ERROR;
				GCC_WARN_UNDECLARED_SELECTOR = YES;
				GCC_WARN_UNINITIALIZED_AUTOS = YES_AGGRESSIVE;
				GCC_WARN_UNUSED_FUNCTION = YES;
				GCC_WARN_UNUSED_VARIABLE = YES;
				IPHONEOS_DEPLOYMENT_TARGET = 11.3;
				MTL_ENABLE_DEBUG_INFO = NO;
				SDKROOT = iphoneos;
				VALIDATE_PRODUCT = YES;
			};
			name = Release;
		};
		3201BFFB20DCEE7A00F6344B /* Debug */ = {
			isa = XCBuildConfiguration;
			baseConfigurationReference = BB04C98A93D13AF1D587B2E8 /* Pods-MusicDemo.debug.xcconfig */;
			buildSettings = {
				ASSETCATALOG_COMPILER_APPICON_NAME = AppIcon;
				CODE_SIGN_STYLE = Automatic;
				DEVELOPMENT_TEAM = 3CAWU27LX9;
				INFOPLIST_FILE = MusicDemo/Info.plist;
				IPHONEOS_DEPLOYMENT_TARGET = 10.3;
				LD_RUNPATH_SEARCH_PATHS = (
					"$(inherited)",
					"@executable_path/Frameworks",
				);
				PRODUCT_BUNDLE_IDENTIFIER = ai.olami.MusicDemo;
				PRODUCT_NAME = "$(TARGET_NAME)";
				TARGETED_DEVICE_FAMILY = "1,2";
			};
			name = Debug;
		};
		3201BFFC20DCEE7A00F6344B /* Release */ = {
			isa = XCBuildConfiguration;
			baseConfigurationReference = 37CD3EEA729F910B06CC6CCA /* Pods-MusicDemo.release.xcconfig */;
			buildSettings = {
				ASSETCATALOG_COMPILER_APPICON_NAME = AppIcon;
				CODE_SIGN_STYLE = Automatic;
				DEVELOPMENT_TEAM = 3CAWU27LX9;
				INFOPLIST_FILE = MusicDemo/Info.plist;
				IPHONEOS_DEPLOYMENT_TARGET = 10.3;
				LD_RUNPATH_SEARCH_PATHS = (
					"$(inherited)",
					"@executable_path/Frameworks",
				);
				PRODUCT_BUNDLE_IDENTIFIER = ai.olami.MusicDemo;
				PRODUCT_NAME = "$(TARGET_NAME)";
				TARGETED_DEVICE_FAMILY = "1,2";
			};
			name = Release;
		};
/* End XCBuildConfiguration section */

/* Begin XCConfigurationList section */
		3201BFDF20DCEE7700F6344B /* Build configuration list for PBXProject "MusicDemo" */ = {
			isa = XCConfigurationList;
			buildConfigurations = (
				3201BFF820DCEE7A00F6344B /* Debug */,
				3201BFF920DCEE7A00F6344B /* Release */,
			);
			defaultConfigurationIsVisible = 0;
			defaultConfigurationName = Release;
		};
		3201BFFA20DCEE7A00F6344B /* Build configuration list for PBXNativeTarget "MusicDemo" */ = {
			isa = XCConfigurationList;
			buildConfigurations = (
				3201BFFB20DCEE7A00F6344B /* Debug */,
				3201BFFC20DCEE7A00F6344B /* Release */,
			);
			defaultConfigurationIsVisible = 0;
			defaultConfigurationName = Release;
		};
/* End XCConfigurationList section */
	};
	rootObject = 3201BFDC20DCEE7700F6344B /* Project object */;
}
